
Microsoft Visual Studio Solution File, Format Version 12.00
# Visual Studio 15
VisualStudioVersion = 15.0.28010.2046
MinimumVisualStudioVersion = 10.0.40219.1
Project("{FAE04EC0-301F-11D3-BF4B-00C04F79EFBC}") = "DMSkin.SoftHide", "DMSkin.SoftHide\DMSkin.SoftHide.csproj", "{F9C8429C-22E3-4898-AEDC-F064D0A3B987}"
EndProject
Global
	GlobalSection(SolutionConfigurationPlatforms) = preSolution
		Debug|Any CPU = Debug|Any CPU
		Release|Any CPU = Release|Any CPU
	EndGlobalSection
	GlobalSection(ProjectConfigurationPlatforms) = postSolution
		{F9C8429C-22E3-4898-AEDC-F064D0A3B987}.Debug|Any CPU.ActiveCfg = Debug|Any CPU
		{F9C8429C-22E3-4898-AEDC-F064D0A3B987}.Debug|Any CPU.Build.0 = Debug|Any CPU
		{F9C8429C-22E3-4898-AEDC-F064D0A3B987}.Release|Any CPU.ActiveCfg = Release|Any CPU
		{F9C8429C-22E3-4898-AEDC-F064D0A3B987}.Release|Any CPU.Build.0 = Release|Any CPU
	EndGlobalSection
	GlobalSection(SolutionProperties) = preSolution
		HideSolutionNode = FALSE
	EndGlobalSection
	GlobalSection(ExtensibilityGlobals) = postSolution
		SolutionGuid = {B9C5C264-D3EB-4530-B3F6-E1B2EFC6ACA0}
	EndGlobalSection
EndGlobal
